
Microsoft Visual Studio Solution File, Format Version 12.00
# Visual Studio Version 17
VisualStudioVersion = 17.0.31903.59
MinimumVisualStudioVersion = 10.0.40219.1
Project("{FAE04EC0-301F-11D3-BF4B-00C04F79EFBC}") = "SGA.Api", "SGA.Api\SGA.Api.csproj", "{1FAF9208-BC62-4B1D-891A-919738AAB619}"
EndProject
Project("{FAE04EC0-301F-11D3-BF4B-00C04F79EFBC}") = "SGA.Web", "SGA.Web\SGA.Web.csproj", "{657D1256-0A8C-4D0A-9A7A-AC51F7563511}"
EndProject
Project("{FAE04EC0-301F-11D3-BF4B-00C04F79EFBC}") = "SGA.Domain", "SGA.Domain\SGA.Domain.csproj", "{4666C558-7A24-4674-9873-5578B24225C5}"
EndProject
Project("{FAE04EC0-301F-11D3-BF4B-00C04F79EFBC}") = "SGA.Application", "SGA.Application\SGA.Application.csproj", "{E98966D9-2400-4712-826B-8696B08BE55D}"
EndProject
Project("{FAE04EC0-301F-11D3-BF4B-00C04F79EFBC}") = "SGA.Infrastructure", "SGA.Infrastructure\SGA.Infrastructure.csproj", "{EA6A9186-ABBA-44B3-A89F-CBD57ADD7AF9}"
EndProject
Project("{FAE04EC0-301F-11D3-BF4B-00C04F79EFBC}") = "SGA.Application.Tests", "SGA.Application.Tests\SGA.Application.Tests.csproj", "{5C16B251-CFEB-4599-97B9-ED28938E0E1E}"
EndProject
Global
	GlobalSection(SolutionConfigurationPlatforms) = preSolution
		Debug|Any CPU = Debug|Any CPU
		Debug|x64 = Debug|x64
		Debug|x86 = Debug|x86
		Release|Any CPU = Release|Any CPU
		Release|x64 = Release|x64
		Release|x86 = Release|x86
	EndGlobalSection
	GlobalSection(ProjectConfigurationPlatforms) = postSolution
		{1FAF9208-BC62-4B1D-891A-919738AAB619}.Debug|Any CPU.ActiveCfg = Debug|Any CPU
		{1FAF9208-BC62-4B1D-891A-919738AAB619}.Debug|Any CPU.Build.0 = Debug|Any CPU
		{1FAF9208-BC62-4B1D-891A-919738AAB619}.Debug|x64.ActiveCfg = Debug|Any CPU
		{1FAF9208-BC62-4B1D-891A-919738AAB619}.Debug|x64.Build.0 = Debug|Any CPU
		{1FAF9208-BC62-4B1D-891A-919738AAB619}.Debug|x86.ActiveCfg = Debug|Any CPU
		{1FAF9208-BC62-4B1D-891A-919738AAB619}.Debug|x86.Build.0 = Debug|Any CPU
		{1FAF9208-BC62-4B1D-891A-919738AAB619}.Release|Any CPU.ActiveCfg = Release|Any CPU
		{1FAF9208-BC62-4B1D-891A-919738AAB619}.Release|Any CPU.Build.0 = Release|Any CPU
		{1FAF9208-BC62-4B1D-891A-919738AAB619}.Release|x64.ActiveCfg = Release|Any CPU
		{1FAF9208-BC62-4B1D-891A-919738AAB619}.Release|x64.Build.0 = Release|Any CPU
		{1FAF9208-BC62-4B1D-891A-919738AAB619}.Release|x86.ActiveCfg = Release|Any CPU
		{1FAF9208-BC62-4B1D-891A-919738AAB619}.Release|x86.Build.0 = Release|Any CPU
		{657D1256-0A8C-4D0A-9A7A-AC51F7563511}.Debug|Any CPU.ActiveCfg = Debug|Any CPU
		{657D1256-0A8C-4D0A-9A7A-AC51F7563511}.Debug|Any CPU.Build.0 = Debug|Any CPU
		{657D1256-0A8C-4D0A-9A7A-AC51F7563511}.Debug|x64.ActiveCfg = Debug|Any CPU
		{657D1256-0A8C-4D0A-9A7A-AC51F7563511}.Debug|x64.Build.0 = Debug|Any CPU
		{657D1256-0A8C-4D0A-9A7A-AC51F7563511}.Debug|x86.ActiveCfg = Debug|Any CPU
		{657D1256-0A8C-4D0A-9A7A-AC51F7563511}.Debug|x86.Build.0 = Debug|Any CPU
		{657D1256-0A8C-4D0A-9A7A-AC51F7563511}.Release|Any CPU.ActiveCfg = Release|Any CPU
		{657D1256-0A8C-4D0A-9A7A-AC51F7563511}.Release|Any CPU.Build.0 = Release|Any CPU
		{657D1256-0A8C-4D0A-9A7A-AC51F7563511}.Release|x64.ActiveCfg = Release|Any CPU
		{657D1256-0A8C-4D0A-9A7A-AC51F7563511}.Release|x64.Build.0 = Release|Any CPU
		{657D1256-0A8C-4D0A-9A7A-AC51F7563511}.Release|x86.ActiveCfg = Release|Any CPU
		{657D1256-0A8C-4D0A-9A7A-AC51F7563511}.Release|x86.Build.0 = Release|Any CPU
		{4666C558-7A24-4674-9873-5578B24225C5}.Debug|Any CPU.ActiveCfg = Debug|Any CPU
		{4666C558-7A24-4674-9873-5578B24225C5}.Debug|Any CPU.Build.0 = Debug|Any CPU
		{4666C558-7A24-4674-9873-5578B24225C5}.Debug|x64.ActiveCfg = Debug|Any CPU
		{4666C558-7A24-4674-9873-5578B24225C5}.Debug|x64.Build.0 = Debug|Any CPU
		{4666C558-7A24-4674-9873-5578B24225C5}.Debug|x86.ActiveCfg = Debug|Any CPU
		{4666C558-7A24-4674-9873-5578B24225C5}.Debug|x86.Build.0 = Debug|Any CPU
		{4666C558-7A24-4674-9873-5578B24225C5}.Release|Any CPU.ActiveCfg = Release|Any CPU
		{4666C558-7A24-4674-9873-5578B24225C5}.Release|Any CPU.Build.0 = Release|Any CPU
		{4666C558-7A24-4674-9873-5578B24225C5}.Release|x64.ActiveCfg = Release|Any CPU
		{4666C558-7A24-4674-9873-5578B24225C5}.Release|x64.Build.0 = Release|Any CPU
		{4666C558-7A24-4674-9873-5578B24225C5}.Release|x86.ActiveCfg = Release|Any CPU
		{4666C558-7A24-4674-9873-5578B24225C5}.Release|x86.Build.0 = Release|Any CPU
		{E98966D9-2400-4712-826B-8696B08BE55D}.Debug|Any CPU.ActiveCfg = Debug|Any CPU
		{E98966D9-2400-4712-826B-8696B08BE55D}.Debug|Any CPU.Build.0 = Debug|Any CPU
		{E98966D9-2400-4712-826B-8696B08BE55D}.Debug|x64.ActiveCfg = Debug|Any CPU
		{E98966D9-2400-4712-826B-8696B08BE55D}.Debug|x64.Build.0 = Debug|Any CPU
		{E98966D9-2400-4712-826B-8696B08BE55D}.Debug|x86.ActiveCfg = Debug|Any CPU
		{E98966D9-2400-4712-826B-8696B08BE55D}.Debug|x86.Build.0 = Debug|Any CPU
		{E98966D9-2400-4712-826B-8696B08BE55D}.Release|Any CPU.ActiveCfg = Release|Any CPU
		{E98966D9-2400-4712-826B-8696B08BE55D}.Release|Any CPU.Build.0 = Release|Any CPU
		{E98966D9-2400-4712-826B-8696B08BE55D}.Release|x64.ActiveCfg = Release|Any CPU
		{E98966D9-2400-4712-826B-8696B08BE55D}.Release|x64.Build.0 = Release|Any CPU
		{E98966D9-2400-4712-826B-8696B08BE55D}.Release|x86.ActiveCfg = Release|Any CPU
		{E98966D9-2400-4712-826B-8696B08BE55D}.Release|x86.Build.0 = Release|Any CPU
		{EA6A9186-ABBA-44B3-A89F-CBD57ADD7AF9}.Debug|Any CPU.ActiveCfg = Debug|Any CPU
		{EA6A9186-ABBA-44B3-A89F-CBD57ADD7AF9}.Debug|Any CPU.Build.0 = Debug|Any CPU
		{EA6A9186-ABBA-44B3-A89F-CBD57ADD7AF9}.Debug|x64.ActiveCfg = Debug|Any CPU
		{EA6A9186-ABBA-44B3-A89F-CBD57ADD7AF9}.Debug|x64.Build.0 = Debug|Any CPU
		{EA6A9186-ABBA-44B3-A89F-CBD57ADD7AF9}.Debug|x86.ActiveCfg = Debug|Any CPU
		{EA6A9186-ABBA-44B3-A89F-CBD57ADD7AF9}.Debug|x86.Build.0 = Debug|Any CPU
		{EA6A9186-ABBA-44B3-A89F-CBD57ADD7AF9}.Release|Any CPU.ActiveCfg = Release|Any CPU
		{EA6A9186-ABBA-44B3-A89F-CBD57ADD7AF9}.Release|Any CPU.Build.0 = Release|Any CPU
		{EA6A9186-ABBA-44B3-A89F-CBD57ADD7AF9}.Release|x64.ActiveCfg = Release|Any CPU
		{EA6A9186-ABBA-44B3-A89F-CBD57ADD7AF9}.Release|x64.Build.0 = Release|Any CPU
		{EA6A9186-ABBA-44B3-A89F-CBD57ADD7AF9}.Release|x86.ActiveCfg = Release|Any CPU
		{EA6A9186-ABBA-44B3-A89F-CBD57ADD7AF9}.Release|x86.Build.0 = Release|Any CPU
		{5C16B251-CFEB-4599-97B9-ED28938E0E1E}.Debug|Any CPU.ActiveCfg = Debug|Any CPU
		{5C16B251-CFEB-4599-97B9-ED28938E0E1E}.Debug|Any CPU.Build.0 = Debug|Any CPU
		{5C16B251-CFEB-4599-97B9-ED28938E0E1E}.Debug|x64.ActiveCfg = Debug|Any CPU
		{5C16B251-CFEB-4599-97B9-ED28938E0E1E}.Debug|x64.Build.0 = Debug|Any CPU
		{5C16B251-CFEB-4599-97B9-ED28938E0E1E}.Debug|x86.ActiveCfg = Debug|Any CPU
		{5C16B251-CFEB-4599-97B9-ED28938E0E1E}.Debug|x86.Build.0 = Debug|Any CPU
		{5C16B251-CFEB-4599-97B9-ED28938E0E1E}.Release|Any CPU.ActiveCfg = Release|Any CPU
		{5C16B251-CFEB-4599-97B9-ED28938E0E1E}.Release|Any CPU.Build.0 = Release|Any CPU
		{5C16B251-CFEB-4599-97B9-ED28938E0E1E}.Release|x64.ActiveCfg = Release|Any CPU
		{5C16B251-CFEB-4599-97B9-ED28938E0E1E}.Release|x64.Build.0 = Release|Any CPU
		{5C16B251-CFEB-4599-97B9-ED28938E0E1E}.Release|x86.ActiveCfg = Release|Any CPU
		{5C16B251-CFEB-4599-97B9-ED28938E0E1E}.Release|x86.Build.0 = Release|Any CPU
	EndGlobalSection
	GlobalSection(SolutionProperties) = preSolution
		HideSolutionNode = FALSE
	EndGlobalSection
EndGlobal
