
Microsoft Visual Studio Solution File, Format Version 12.00
# Visual Studio Version 17
VisualStudioVersion = 17.0.31903.59
MinimumVisualStudioVersion = 10.0.40219.1
Project("{FAE04EC0-301F-11D3-BF4B-00C04F79EFBC}") = "SGA.Api", "SGA.Api\SGA.Api.csproj", "{898ED27D-DFC7-4F4B-BA89-680D1545AC6B}"
EndProject
Project("{FAE04EC0-301F-11D3-BF4B-00C04F79EFBC}") = "SGA.Application", "SGA.Application\SGA.Application.csproj", "{0F592DB7-5E7E-4C23-AD50-067678F022AD}"
EndProject
Project("{FAE04EC0-301F-11D3-BF4B-00C04F79EFBC}") = "SGA.Domain", "SGA.Domain\SGA.Domain.csproj", "{26EB8EFC-68CD-458D-B293-66AAA05AA77D}"
EndProject
Project("{FAE04EC0-301F-11D3-BF4B-00C04F79EFBC}") = "SGA.Infrastructure", "SGA.Infrastructure\SGA.Infrastructure.csproj", "{F7725965-7EE8-4C19-ADFB-DD48AC2AFF9E}"
EndProject
Project("{FAE04EC0-301F-11D3-BF4B-00C04F79EFBC}") = "SGA.Tests", "SGA.Tests\SGA.Tests.csproj", "{96550777-064F-43A8-9771-796DE49D599D}"
EndProject
Project("{2150E333-8FDC-42A3-9474-1A3956D46DE8}") = "SGA.BlazorServer", "SGA.BlazorServer", "{E5F30627-79F2-9F10-F7C7-73937AEF1643}"
EndProject
Project("{FAE04EC0-301F-11D3-BF4B-00C04F79EFBC}") = "SGA.BlazorApp", "SGA.BlazorServer\SGA.BlazorApp.csproj", "{4631317A-E9F0-49B9-841B-494AFED3B473}"
EndProject
Project("{2150E333-8FDC-42A3-9474-1A3956D46DE8}") = "SGA.BlazorClient", "SGA.BlazorClient", "{83B8EC6B-3066-3149-2F12-537B3E12F1C8}"
EndProject
Project("{FAE04EC0-301F-11D3-BF4B-00C04F79EFBC}") = "SGA.BlazorApp.Client", "SGA.BlazorClient\SGA.BlazorApp.Client.csproj", "{01C73E5A-F1EB-48E0-8C70-572C5026171E}"
EndProject
Global
	GlobalSection(SolutionConfigurationPlatforms) = preSolution
		Debug|Any CPU = Debug|Any CPU
		Debug|x64 = Debug|x64
		Debug|x86 = Debug|x86
		Release|Any CPU = Release|Any CPU
		Release|x64 = Release|x64
		Release|x86 = Release|x86
	EndGlobalSection
	GlobalSection(ProjectConfigurationPlatforms) = postSolution
		{898ED27D-DFC7-4F4B-BA89-680D1545AC6B}.Debug|Any CPU.ActiveCfg = Debug|Any CPU
		{898ED27D-DFC7-4F4B-BA89-680D1545AC6B}.Debug|Any CPU.Build.0 = Debug|Any CPU
		{898ED27D-DFC7-4F4B-BA89-680D1545AC6B}.Debug|x64.ActiveCfg = Debug|Any CPU
		{898ED27D-DFC7-4F4B-BA89-680D1545AC6B}.Debug|x64.Build.0 = Debug|Any CPU
		{898ED27D-DFC7-4F4B-BA89-680D1545AC6B}.Debug|x86.ActiveCfg = Debug|Any CPU
		{898ED27D-DFC7-4F4B-BA89-680D1545AC6B}.Debug|x86.Build.0 = Debug|Any CPU
		{898ED27D-DFC7-4F4B-BA89-680D1545AC6B}.Release|Any CPU.ActiveCfg = Release|Any CPU
		{898ED27D-DFC7-4F4B-BA89-680D1545AC6B}.Release|Any CPU.Build.0 = Release|Any CPU
		{898ED27D-DFC7-4F4B-BA89-680D1545AC6B}.Release|x64.ActiveCfg = Release|Any CPU
		{898ED27D-DFC7-4F4B-BA89-680D1545AC6B}.Release|x64.Build.0 = Release|Any CPU
		{898ED27D-DFC7-4F4B-BA89-680D1545AC6B}.Release|x86.ActiveCfg = Release|Any CPU
		{898ED27D-DFC7-4F4B-BA89-680D1545AC6B}.Release|x86.Build.0 = Release|Any CPU
		{0F592DB7-5E7E-4C23-AD50-067678F022AD}.Debug|Any CPU.ActiveCfg = Debug|Any CPU
		{0F592DB7-5E7E-4C23-AD50-067678F022AD}.Debug|Any CPU.Build.0 = Debug|Any CPU
		{0F592DB7-5E7E-4C23-AD50-067678F022AD}.Debug|x64.ActiveCfg = Debug|Any CPU
		{0F592DB7-5E7E-4C23-AD50-067678F022AD}.Debug|x64.Build.0 = Debug|Any CPU
		{0F592DB7-5E7E-4C23-AD50-067678F022AD}.Debug|x86.ActiveCfg = Debug|Any CPU
		{0F592DB7-5E7E-4C23-AD50-067678F022AD}.Debug|x86.Build.0 = Debug|Any CPU
		{0F592DB7-5E7E-4C23-AD50-067678F022AD}.Release|Any CPU.ActiveCfg = Release|Any CPU
		{0F592DB7-5E7E-4C23-AD50-067678F022AD}.Release|Any CPU.Build.0 = Release|Any CPU
		{0F592DB7-5E7E-4C23-AD50-067678F022AD}.Release|x64.ActiveCfg = Release|Any CPU
		{0F592DB7-5E7E-4C23-AD50-067678F022AD}.Release|x64.Build.0 = Release|Any CPU
		{0F592DB7-5E7E-4C23-AD50-067678F022AD}.Release|x86.ActiveCfg = Release|Any CPU
		{0F592DB7-5E7E-4C23-AD50-067678F022AD}.Release|x86.Build.0 = Release|Any CPU
		{26EB8EFC-68CD-458D-B293-66AAA05AA77D}.Debug|Any CPU.ActiveCfg = Debug|Any CPU
		{26EB8EFC-68CD-458D-B293-66AAA05AA77D}.Debug|Any CPU.Build.0 = Debug|Any CPU
		{26EB8EFC-68CD-458D-B293-66AAA05AA77D}.Debug|x64.ActiveCfg = Debug|Any CPU
		{26EB8EFC-68CD-458D-B293-66AAA05AA77D}.Debug|x64.Build.0 = Debug|Any CPU
		{26EB8EFC-68CD-458D-B293-66AAA05AA77D}.Debug|x86.ActiveCfg = Debug|Any CPU
		{26EB8EFC-68CD-458D-B293-66AAA05AA77D}.Debug|x86.Build.0 = Debug|Any CPU
		{26EB8EFC-68CD-458D-B293-66AAA05AA77D}.Release|Any CPU.ActiveCfg = Release|Any CPU
		{26EB8EFC-68CD-458D-B293-66AAA05AA77D}.Release|Any CPU.Build.0 = Release|Any CPU
		{26EB8EFC-68CD-458D-B293-66AAA05AA77D}.Release|x64.ActiveCfg = Release|Any CPU
		{26EB8EFC-68CD-458D-B293-66AAA05AA77D}.Release|x64.Build.0 = Release|Any CPU
		{26EB8EFC-68CD-458D-B293-66AAA05AA77D}.Release|x86.ActiveCfg = Release|Any CPU
		{26EB8EFC-68CD-458D-B293-66AAA05AA77D}.Release|x86.Build.0 = Release|Any CPU
		{F7725965-7EE8-4C19-ADFB-DD48AC2AFF9E}.Debug|Any CPU.ActiveCfg = Debug|Any CPU
		{F7725965-7EE8-4C19-ADFB-DD48AC2AFF9E}.Debug|Any CPU.Build.0 = Debug|Any CPU
		{F7725965-7EE8-4C19-ADFB-DD48AC2AFF9E}.Debug|x64.ActiveCfg = Debug|Any CPU
		{F7725965-7EE8-4C19-ADFB-DD48AC2AFF9E}.Debug|x64.Build.0 = Debug|Any CPU
		{F7725965-7EE8-4C19-ADFB-DD48AC2AFF9E}.Debug|x86.ActiveCfg = Debug|Any CPU
		{F7725965-7EE8-4C19-ADFB-DD48AC2AFF9E}.Debug|x86.Build.0 = Debug|Any CPU
		{F7725965-7EE8-4C19-ADFB-DD48AC2AFF9E}.Release|Any CPU.ActiveCfg = Release|Any CPU
		{F7725965-7EE8-4C19-ADFB-DD48AC2AFF9E}.Release|Any CPU.Build.0 = Release|Any CPU
		{F7725965-7EE8-4C19-ADFB-DD48AC2AFF9E}.Release|x64.ActiveCfg = Release|Any CPU
		{F7725965-7EE8-4C19-ADFB-DD48AC2AFF9E}.Release|x64.Build.0 = Release|Any CPU
		{F7725965-7EE8-4C19-ADFB-DD48AC2AFF9E}.Release|x86.ActiveCfg = Release|Any CPU
		{F7725965-7EE8-4C19-ADFB-DD48AC2AFF9E}.Release|x86.Build.0 = Release|Any CPU
		{96550777-064F-43A8-9771-796DE49D599D}.Debug|Any CPU.ActiveCfg = Debug|Any CPU
		{96550777-064F-43A8-9771-796DE49D599D}.Debug|Any CPU.Build.0 = Debug|Any CPU
		{96550777-064F-43A8-9771-796DE49D599D}.Debug|x64.ActiveCfg = Debug|Any CPU
		{96550777-064F-43A8-9771-796DE49D599D}.Debug|x64.Build.0 = Debug|Any CPU
		{96550777-064F-43A8-9771-796DE49D599D}.Debug|x86.ActiveCfg = Debug|Any CPU
		{96550777-064F-43A8-9771-796DE49D599D}.Debug|x86.Build.0 = Debug|Any CPU
		{96550777-064F-43A8-9771-796DE49D599D}.Release|Any CPU.ActiveCfg = Release|Any CPU
		{96550777-064F-43A8-9771-796DE49D599D}.Release|Any CPU.Build.0 = Release|Any CPU
		{96550777-064F-43A8-9771-796DE49D599D}.Release|x64.ActiveCfg = Release|Any CPU
		{96550777-064F-43A8-9771-796DE49D599D}.Release|x64.Build.0 = Release|Any CPU
		{96550777-064F-43A8-9771-796DE49D599D}.Release|x86.ActiveCfg = Release|Any CPU
		{96550777-064F-43A8-9771-796DE49D599D}.Release|x86.Build.0 = Release|Any CPU
		{4631317A-E9F0-49B9-841B-494AFED3B473}.Debug|Any CPU.ActiveCfg = Debug|Any CPU
		{4631317A-E9F0-49B9-841B-494AFED3B473}.Debug|Any CPU.Build.0 = Debug|Any CPU
		{4631317A-E9F0-49B9-841B-494AFED3B473}.Debug|x64.ActiveCfg = Debug|Any CPU
		{4631317A-E9F0-49B9-841B-494AFED3B473}.Debug|x64.Build.0 = Debug|Any CPU
		{4631317A-E9F0-49B9-841B-494AFED3B473}.Debug|x86.ActiveCfg = Debug|Any CPU
		{4631317A-E9F0-49B9-841B-494AFED3B473}.Debug|x86.Build.0 = Debug|Any CPU
		{4631317A-E9F0-49B9-841B-494AFED3B473}.Release|Any CPU.ActiveCfg = Release|Any CPU
		{4631317A-E9F0-49B9-841B-494AFED3B473}.Release|Any CPU.Build.0 = Release|Any CPU
		{4631317A-E9F0-49B9-841B-494AFED3B473}.Release|x64.ActiveCfg = Release|Any CPU
		{4631317A-E9F0-49B9-841B-494AFED3B473}.Release|x64.Build.0 = Release|Any CPU
		{4631317A-E9F0-49B9-841B-494AFED3B473}.Release|x86.ActiveCfg = Release|Any CPU
		{4631317A-E9F0-49B9-841B-494AFED3B473}.Release|x86.Build.0 = Release|Any CPU
		{01C73E5A-F1EB-48E0-8C70-572C5026171E}.Debug|Any CPU.ActiveCfg = Debug|Any CPU
		{01C73E5A-F1EB-48E0-8C70-572C5026171E}.Debug|Any CPU.Build.0 = Debug|Any CPU
		{01C73E5A-F1EB-48E0-8C70-572C5026171E}.Debug|x64.ActiveCfg = Debug|Any CPU
		{01C73E5A-F1EB-48E0-8C70-572C5026171E}.Debug|x64.Build.0 = Debug|Any CPU
		{01C73E5A-F1EB-48E0-8C70-572C5026171E}.Debug|x86.ActiveCfg = Debug|Any CPU
		{01C73E5A-F1EB-48E0-8C70-572C5026171E}.Debug|x86.Build.0 = Debug|Any CPU
		{01C73E5A-F1EB-48E0-8C70-572C5026171E}.Release|Any CPU.ActiveCfg = Release|Any CPU
		{01C73E5A-F1EB-48E0-8C70-572C5026171E}.Release|Any CPU.Build.0 = Release|Any CPU
		{01C73E5A-F1EB-48E0-8C70-572C5026171E}.Release|x64.ActiveCfg = Release|Any CPU
		{01C73E5A-F1EB-48E0-8C70-572C5026171E}.Release|x64.Build.0 = Release|Any CPU
		{01C73E5A-F1EB-48E0-8C70-572C5026171E}.Release|x86.ActiveCfg = Release|Any CPU
		{01C73E5A-F1EB-48E0-8C70-572C5026171E}.Release|x86.Build.0 = Release|Any CPU
	EndGlobalSection
	GlobalSection(SolutionProperties) = preSolution
		HideSolutionNode = FALSE
	EndGlobalSection
	GlobalSection(NestedProjects) = preSolution
		{4631317A-E9F0-49B9-841B-494AFED3B473} = {E5F30627-79F2-9F10-F7C7-73937AEF1643}
		{01C73E5A-F1EB-48E0-8C70-572C5026171E} = {83B8EC6B-3066-3149-2F12-537B3E12F1C8}
	EndGlobalSection
EndGlobal
