Microsoft Visual Studio Solution File, Format Version 12.00
# Visual Studio Version 17
VisualStudioVersion = 17.5.2.0
MinimumVisualStudioVersion = 10.0.40219.1
Project("{FAE04EC0-301F-11D3-BF4B-00C04F79EFBC}") = "HashGenerator", "HashGenerator\HashGenerator.csproj", "{EE71756A-CCF3-9954-820B-F535E837FC86}"
EndProject
Project("{FAE04EC0-301F-11D3-BF4B-00C04F79EFBC}") = "SGA.Api", "SGA.Api\SGA.Api.csproj", "{A2C8BB90-8CF8-958D-D6A7-C4F883435EBF}"
EndProject
Project("{FAE04EC0-301F-11D3-BF4B-00C04F79EFBC}") = "SGA.Application", "SGA.Application\SGA.Application.csproj", "{AE4AFCCF-57A1-7228-FE35-FDDB19158343}"
EndProject
Project("{FAE04EC0-301F-11D3-BF4B-00C04F79EFBC}") = "SGA.Domain", "SGA.Domain\SGA.Domain.csproj", "{D45D1889-6D89-BD27-2BF9-9ABE800A6AB9}"
EndProject
Project("{FAE04EC0-301F-11D3-BF4B-00C04F79EFBC}") = "SGA.Infrastructure", "SGA.Infrastructure\SGA.Infrastructure.csproj", "{C3D17335-F1A7-319B-BF78-1634FFB2DCEE}"
EndProject
Project("{FAE04EC0-301F-11D3-BF4B-00C04F79EFBC}") = "SGA.Web", "SGA.Web\SGA.Web.csproj", "{D62D6D50-FDAA-3841-E5B2-7C0DFA2CB973}"
EndProject
Global
	GlobalSection(SolutionConfigurationPlatforms) = preSolution
		Debug|Any CPU = Debug|Any CPU
		Release|Any CPU = Release|Any CPU
	EndGlobalSection
	GlobalSection(ProjectConfigurationPlatforms) = postSolution
		{EE71756A-CCF3-9954-820B-F535E837FC86}.Debug|Any CPU.ActiveCfg = Debug|Any CPU
		{EE71756A-CCF3-9954-820B-F535E837FC86}.Debug|Any CPU.Build.0 = Debug|Any CPU
		{EE71756A-CCF3-9954-820B-F535E837FC86}.Release|Any CPU.ActiveCfg = Release|Any CPU
		{EE71756A-CCF3-9954-820B-F535E837FC86}.Release|Any CPU.Build.0 = Release|Any CPU
		{A2C8BB90-8CF8-958D-D6A7-C4F883435EBF}.Debug|Any CPU.ActiveCfg = Debug|Any CPU
		{A2C8BB90-8CF8-958D-D6A7-C4F883435EBF}.Debug|Any CPU.Build.0 = Debug|Any CPU
		{A2C8BB90-8CF8-958D-D6A7-C4F883435EBF}.Release|Any CPU.ActiveCfg = Release|Any CPU
		{A2C8BB90-8CF8-958D-D6A7-C4F883435EBF}.Release|Any CPU.Build.0 = Release|Any CPU
		{AE4AFCCF-57A1-7228-FE35-FDDB19158343}.Debug|Any CPU.ActiveCfg = Debug|Any CPU
		{AE4AFCCF-57A1-7228-FE35-FDDB19158343}.Debug|Any CPU.Build.0 = Debug|Any CPU
		{AE4AFCCF-57A1-7228-FE35-FDDB19158343}.Release|Any CPU.ActiveCfg = Release|Any CPU
		{AE4AFCCF-57A1-7228-FE35-FDDB19158343}.Release|Any CPU.Build.0 = Release|Any CPU
		{D45D1889-6D89-BD27-2BF9-9ABE800A6AB9}.Debug|Any CPU.ActiveCfg = Debug|Any CPU
		{D45D1889-6D89-BD27-2BF9-9ABE800A6AB9}.Debug|Any CPU.Build.0 = Debug|Any CPU
		{D45D1889-6D89-BD27-2BF9-9ABE800A6AB9}.Release|Any CPU.ActiveCfg = Release|Any CPU
		{D45D1889-6D89-BD27-2BF9-9ABE800A6AB9}.Release|Any CPU.Build.0 = Release|Any CPU
		{C3D17335-F1A7-319B-BF78-1634FFB2DCEE}.Debug|Any CPU.ActiveCfg = Debug|Any CPU
		{C3D17335-F1A7-319B-BF78-1634FFB2DCEE}.Debug|Any CPU.Build.0 = Debug|Any CPU
		{C3D17335-F1A7-319B-BF78-1634FFB2DCEE}.Release|Any CPU.ActiveCfg = Release|Any CPU
		{C3D17335-F1A7-319B-BF78-1634FFB2DCEE}.Release|Any CPU.Build.0 = Release|Any CPU
		{D62D6D50-FDAA-3841-E5B2-7C0DFA2CB973}.Debug|Any CPU.ActiveCfg = Debug|Any CPU
		{D62D6D50-FDAA-3841-E5B2-7C0DFA2CB973}.Debug|Any CPU.Build.0 = Debug|Any CPU
		{D62D6D50-FDAA-3841-E5B2-7C0DFA2CB973}.Release|Any CPU.ActiveCfg = Release|Any CPU
		{D62D6D50-FDAA-3841-E5B2-7C0DFA2CB973}.Release|Any CPU.Build.0 = Release|Any CPU
	EndGlobalSection
	GlobalSection(SolutionProperties) = preSolution
		HideSolutionNode = FALSE
	EndGlobalSection
	GlobalSection(ExtensibilityGlobals) = postSolution
		SolutionGuid = {C51CA6BB-A93E-4DAF-860D-D414C68F86DB}
	EndGlobalSection
EndGlobal
